// !$*UTF8*$!
{
	archiveVersion = 1;
	classes = {
	};
	objectVersion = 77;
	objects = {

/* Begin PBXBuildFile section */
		077E33C9451633762445400B /* MathMonstersApp.swift in Sources */ = {isa = PBXBuildFile; fileRef = 44C9FB8498586C54C999F540 /* MathMonstersApp.swift */; };
		0B926EA766CDC7A4EA303C19 /* Assets.xcassets in Resources */ = {isa = PBXBuildFile; fileRef = C02D1244736D494CC93564AF /* Assets.xcassets */; };
		1A2B3C4D5E6F708192A3B4C5 /* GradeMonsterBadge.swift in Sources */ = {isa = PBXBuildFile; fileRef = 1A2B3C4D5E6F708192A3B4C6 /* GradeMonsterBadge.swift */; };
		24B3FB55A818F51439945303 /* ContentView.swift in Sources */ = {isa = PBXBuildFile; fileRef = 0A66AFC3DE8D4EA28BC33CE0 /* ContentView.swift */; };
		2BE75BFA2558BA7489EF1905 /* GameViewModel.swift in Sources */ = {isa = PBXBuildFile; fileRef = E89E17D954B6AD0D05F9078F /* GameViewModel.swift */; };
		5B78B43E5FBAAF2F80D0BF97 /* GameView.swift in Sources */ = {isa = PBXBuildFile; fileRef = 70B2CB0343089642D02E03F7 /* GameView.swift */; };
		940E2BB9DDA6294F4349CEBA /* OperationSelectorView.swift in Sources */ = {isa = PBXBuildFile; fileRef = 7BF4AF7B432DA0164B0DA65F /* OperationSelectorView.swift */; };
		C2DDC36084D823BAD7A529B6 /* ProblemCountSelectorView.swift in Sources */ = {isa = PBXBuildFile; fileRef = 1528F0F31FAA31F680B98567 /* ProblemCountSelectorView.swift */; };
		D149AB983E0F30AB371D2174 /* AppRouter.swift in Sources */ = {isa = PBXBuildFile; fileRef = AB7EC884D699585B9E8AD585 /* AppRouter.swift */; };
		E5EE5FB142E6EDF8A55361E9 /* SummaryView.swift in Sources */ = {isa = PBXBuildFile; fileRef = 60C7BB50760668E10591E209 /* SummaryView.swift */; };
		F3B79B472F07C5E81F334F6E /* GradeSelectorView.swift in Sources */ = {isa = PBXBuildFile; fileRef = C7DE4155F07998AE3D92CFE3 /* GradeSelectorView.swift */; };
/* End PBXBuildFile section */

/* Begin PBXFileReference section */
		0A66AFC3DE8D4EA28BC33CE0 /* ContentView.swift */ = {isa = PBXFileReference; lastKnownFileType = sourcecode.swift; path = ContentView.swift; sourceTree = "<group>"; };
		1A2B3C4D5E6F708192A3B4C6 /* GradeMonsterBadge.swift */ = {isa = PBXFileReference; lastKnownFileType = sourcecode.swift; path = GradeMonsterBadge.swift; sourceTree = "<group>"; };
		1528F0F31FAA31F680B98567 /* ProblemCountSelectorView.swift */ = {isa = PBXFileReference; lastKnownFileType = sourcecode.swift; path = ProblemCountSelectorView.swift; sourceTree = "<group>"; };
		44C9FB8498586C54C999F540 /* MathMonstersApp.swift */ = {isa = PBXFileReference; lastKnownFileType = sourcecode.swift; path = MathMonstersApp.swift; sourceTree = "<group>"; };
		60C7BB50760668E10591E209 /* SummaryView.swift */ = {isa = PBXFileReference; lastKnownFileType = sourcecode.swift; path = SummaryView.swift; sourceTree = "<group>"; };
		70B2CB0343089642D02E03F7 /* GameView.swift */ = {isa = PBXFileReference; lastKnownFileType = sourcecode.swift; path = GameView.swift; sourceTree = "<group>"; };
		7BF4AF7B432DA0164B0DA65F /* OperationSelectorView.swift */ = {isa = PBXFileReference; lastKnownFileType = sourcecode.swift; path = OperationSelectorView.swift; sourceTree = "<group>"; };
		AB7EC884D699585B9E8AD585 /* AppRouter.swift */ = {isa = PBXFileReference; lastKnownFileType = sourcecode.swift; path = AppRouter.swift; sourceTree = "<group>"; };
		C02D1244736D494CC93564AF /* Assets.xcassets */ = {isa = PBXFileReference; lastKnownFileType = folder.assetcatalog; path = Assets.xcassets; sourceTree = "<group>"; };
		C5ACF8407AF4CAB4598CACE8 /* MathMonsters.app */ = {isa = PBXFileReference; includeInIndex = 0; lastKnownFileType = wrapper.application; path = MathMonsters.app; sourceTree = BUILT_PRODUCTS_DIR; };
		C7DE4155F07998AE3D92CFE3 /* GradeSelectorView.swift */ = {isa = PBXFileReference; lastKnownFileType = sourcecode.swift; path = GradeSelectorView.swift; sourceTree = "<group>"; };
		E2A2F9407CCA5CEF69DBAFF5 /* Info.plist */ = {isa = PBXFileReference; lastKnownFileType = text.plist; path = Info.plist; sourceTree = "<group>"; };
		E89E17D954B6AD0D05F9078F /* GameViewModel.swift */ = {isa = PBXFileReference; lastKnownFileType = sourcecode.swift; path = GameViewModel.swift; sourceTree = "<group>"; };
/* End PBXFileReference section */

/* Begin PBXGroup section */
		2DA35EDA167CF1448ACBB99E = {
			isa = PBXGroup;
			children = (
				BB8A38DACEF4064FF86559E1 /* MathMonsters */,
				8049B1B13E6CD85D10115558 /* Products */,
			);
			sourceTree = "<group>";
		};
		8049B1B13E6CD85D10115558 /* Products */ = {
			isa = PBXGroup;
			children = (
				C5ACF8407AF4CAB4598CACE8 /* MathMonsters.app */,
			);
			name = Products;
			sourceTree = "<group>";
		};
		BB8A38DACEF4064FF86559E1 /* MathMonsters */ = {
			isa = PBXGroup;
			children = (
				AB7EC884D699585B9E8AD585 /* AppRouter.swift */,
				C02D1244736D494CC93564AF /* Assets.xcassets */,
				0A66AFC3DE8D4EA28BC33CE0 /* ContentView.swift */,
				70B2CB0343089642D02E03F7 /* GameView.swift */,
				E89E17D954B6AD0D05F9078F /* GameViewModel.swift */,
				1A2B3C4D5E6F708192A3B4C6 /* GradeMonsterBadge.swift */,
				C7DE4155F07998AE3D92CFE3 /* GradeSelectorView.swift */,
				E2A2F9407CCA5CEF69DBAFF5 /* Info.plist */,
				44C9FB8498586C54C999F540 /* MathMonstersApp.swift */,
				7BF4AF7B432DA0164B0DA65F /* OperationSelectorView.swift */,
				1528F0F31FAA31F680B98567 /* ProblemCountSelectorView.swift */,
				60C7BB50760668E10591E209 /* SummaryView.swift */,
			);
			path = MathMonsters;
			sourceTree = "<group>";
		};
/* End PBXGroup section */

/* Begin PBXNativeTarget section */
		A1A9AFE9314B1ADBC2146A50 /* MathMonsters */ = {
			isa = PBXNativeTarget;
			buildConfigurationList = 34D4685DD7BC2AD54A491046 /* Build configuration list for PBXNativeTarget "MathMonsters" */;
			buildPhases = (
				B56C59934CC67D568C1C8A7B /* Sources */,
				1CF42E04CEB330EF5401E4F3 /* Resources */,
			);
			buildRules = (
			);
			dependencies = (
			);
			name = MathMonsters;
			packageProductDependencies = (
			);
			productName = MathMonsters;
			productReference = C5ACF8407AF4CAB4598CACE8 /* MathMonsters.app */;
			productType = "com.apple.product-type.application";
		};
/* End PBXNativeTarget section */

/* Begin PBXProject section */
		1FB0470446DB45207BFE4338 /* Project object */ = {
			isa = PBXProject;
			attributes = {
				BuildIndependentTargetsInParallel = YES;
				LastUpgradeCheck = 1500;
				TargetAttributes = {
					A1A9AFE9314B1ADBC2146A50 = {
						DevelopmentTeam = A62XZ22TL6;
						ProvisioningStyle = Automatic;
					};
				};
			};
			buildConfigurationList = B955727481BC09EBBA2769E3 /* Build configuration list for PBXProject "MathMonsters" */;
			developmentRegion = en;
			hasScannedForEncodings = 0;
			knownRegions = (
				Base,
				en,
			);
			mainGroup = 2DA35EDA167CF1448ACBB99E;
			minimizedProjectReferenceProxies = 1;
			preferredProjectObjectVersion = 77;
			productRefGroup = 8049B1B13E6CD85D10115558 /* Products */;
			projectDirPath = "";
			projectRoot = "";
			targets = (
				A1A9AFE9314B1ADBC2146A50 /* MathMonsters */,
			);
		};
/* End PBXProject section */

/* Begin PBXResourcesBuildPhase section */
		1CF42E04CEB330EF5401E4F3 /* Resources */ = {
			isa = PBXResourcesBuildPhase;
			buildActionMask = 2147483647;
			files = (
				0B926EA766CDC7A4EA303C19 /* Assets.xcassets in Resources */,
			);
			runOnlyForDeploymentPostprocessing = 0;
		};
/* End PBXResourcesBuildPhase section */

/* Begin PBXSourcesBuildPhase section */
		B56C59934CC67D568C1C8A7B /* Sources */ = {
			isa = PBXSourcesBuildPhase;
			buildActionMask = 2147483647;
			files = (
				D149AB983E0F30AB371D2174 /* AppRouter.swift in Sources */,
				24B3FB55A818F51439945303 /* ContentView.swift in Sources */,
				5B78B43E5FBAAF2F80D0BF97 /* GameView.swift in Sources */,
				2BE75BFA2558BA7489EF1905 /* GameViewModel.swift in Sources */,
				1A2B3C4D5E6F708192A3B4C5 /* GradeMonsterBadge.swift in Sources */,
				F3B79B472F07C5E81F334F6E /* GradeSelectorView.swift in Sources */,
				077E33C9451633762445400B /* MathMonstersApp.swift in Sources */,
				940E2BB9DDA6294F4349CEBA /* OperationSelectorView.swift in Sources */,
				C2DDC36084D823BAD7A529B6 /* ProblemCountSelectorView.swift in Sources */,
				E5EE5FB142E6EDF8A55361E9 /* SummaryView.swift in Sources */,
			);
			runOnlyForDeploymentPostprocessing = 0;
		};
/* End PBXSourcesBuildPhase section */

/* Begin XCBuildConfiguration section */
		06C4505F4F8AB9E2805C91EA /* Release */ = {
			isa = XCBuildConfiguration;
			buildSettings = {
				ASSETCATALOG_COMPILER_APPICON_NAME = AppIcon;
				"CODE_SIGNING_ALLOWED[sdk=iphonesimulator*]" = NO;
				"CODE_SIGNING_REQUIRED[sdk=iphonesimulator*]" = NO;
				CODE_SIGN_IDENTITY = "iPhone Developer";
				CODE_SIGN_STYLE = Automatic;
				CURRENT_PROJECT_VERSION = 1;
				DEVELOPMENT_TEAM = A62XZ22TL6;
				INFOPLIST_FILE = MathMonsters/Info.plist;
				LD_RUNPATH_SEARCH_PATHS = (
					"$(inherited)",
					"@executable_path/Frameworks",
				);
				MARKETING_VERSION = 1.0;
				PRODUCT_BUNDLE_IDENTIFIER = com.butterbeans22.MathMonsters;
				SDKROOT = iphoneos;
				SUPPORTS_MAC_DESIGNED_FOR_IPHONE_IPAD = NO;
				SWIFT_VERSION = 5.9;
				TARGETED_DEVICE_FAMILY = "1,2";
			};
			name = Release;
		};
		3FBBC724B967961042DC2BF6 /* Debug */ = {
			isa = XCBuildConfiguration;
			buildSettings = {
				ALWAYS_SEARCH_USER_PATHS = NO;
				CLANG_ANALYZER_NONNULL = YES;
				CLANG_ANALYZER_NUMBER_OBJECT_CONVERSION = YES_AGGRESSIVE;
				CLANG_CXX_LANGUAGE_STANDARD = "gnu++14";
				CLANG_CXX_LIBRARY = "libc++";
				CLANG_ENABLE_MODULES = YES;
				CLANG_ENABLE_OBJC_ARC = YES;
				CLANG_ENABLE_OBJC_WEAK = YES;
				CLANG_WARN_BLOCK_CAPTURE_AUTORELEASING = YES;
				CLANG_WARN_BOOL_CONVERSION = YES;
				CLANG_WARN_COMMA = YES;
				CLANG_WARN_CONSTANT_CONVERSION = YES;
				CLANG_WARN_DEPRECATED_OBJC_IMPLEMENTATIONS = YES;
				CLANG_WARN_DIRECT_OBJC_ISA_USAGE = YES_ERROR;
				CLANG_WARN_DOCUMENTATION_COMMENTS = YES;
				CLANG_WARN_EMPTY_BODY = YES;
				CLANG_WARN_ENUM_CONVERSION = YES;
				CLANG_WARN_INFINITE_RECURSION = YES;
				CLANG_WARN_INT_CONVERSION = YES;
				CLANG_WARN_NON_LITERAL_NULL_CONVERSION = YES;
				CLANG_WARN_OBJC_IMPLICIT_RETAIN_SELF = YES;
				CLANG_WARN_OBJC_LITERAL_CONVERSION = YES;
				CLANG_WARN_OBJC_ROOT_CLASS = YES_ERROR;
				CLANG_WARN_QUOTED_INCLUDE_IN_FRAMEWORK_HEADER = YES;
				CLANG_WARN_RANGE_LOOP_ANALYSIS = YES;
				CLANG_WARN_STRICT_PROTOTYPES = YES;
				CLANG_WARN_SUSPICIOUS_MOVE = YES;
				CLANG_WARN_UNGUARDED_AVAILABILITY = YES_AGGRESSIVE;
				CLANG_WARN_UNREACHABLE_CODE = YES;
				CLANG_WARN__DUPLICATE_METHOD_MATCH = YES;
				COPY_PHASE_STRIP = NO;
				DEBUG_INFORMATION_FORMAT = dwarf;
				ENABLE_STRICT_OBJC_MSGSEND = YES;
				ENABLE_TESTABILITY = YES;
				GCC_C_LANGUAGE_STANDARD = gnu11;
				GCC_DYNAMIC_NO_PIC = NO;
				GCC_NO_COMMON_BLOCKS = YES;
				GCC_OPTIMIZATION_LEVEL = 0;
				GCC_PREPROCESSOR_DEFINITIONS = (
					"$(inherited)",
					"DEBUG=1",
				);
				GCC_WARN_64_TO_32_BIT_CONVERSION = YES;
				GCC_WARN_ABOUT_RETURN_TYPE = YES_ERROR;
				GCC_WARN_UNDECLARED_SELECTOR = YES;
				GCC_WARN_UNINITIALIZED_AUTOS = YES_AGGRESSIVE;
				GCC_WARN_UNUSED_FUNCTION = YES;
				GCC_WARN_UNUSED_VARIABLE = YES;
				IPHONEOS_DEPLOYMENT_TARGET = 17.0;
				MTL_ENABLE_DEBUG_INFO = INCLUDE_SOURCE;
				MTL_FAST_MATH = YES;
				ONLY_ACTIVE_ARCH = YES;
				PRODUCT_NAME = "$(TARGET_NAME)";
				SDKROOT = iphoneos;
				SWIFT_ACTIVE_COMPILATION_CONDITIONS = DEBUG;
				SWIFT_OPTIMIZATION_LEVEL = "-Onone";
				SWIFT_VERSION = 5.0;
			};
			name = Debug;
		};
		40C665BAFC5ADA588850FE1B /* Debug */ = {
			isa = XCBuildConfiguration;
			buildSettings = {
				ASSETCATALOG_COMPILER_APPICON_NAME = AppIcon;
				"CODE_SIGNING_ALLOWED[sdk=iphonesimulator*]" = NO;
				"CODE_SIGNING_REQUIRED[sdk=iphonesimulator*]" = NO;
				CODE_SIGN_IDENTITY = "iPhone Developer";
				CODE_SIGN_STYLE = Automatic;
				CURRENT_PROJECT_VERSION = 1;
				DEVELOPMENT_TEAM = A62XZ22TL6;
				INFOPLIST_FILE = MathMonsters/Info.plist;
				LD_RUNPATH_SEARCH_PATHS = (
					"$(inherited)",
					"@executable_path/Frameworks",
				);
				MARKETING_VERSION = 1.0;
				PRODUCT_BUNDLE_IDENTIFIER = com.butterbeans22.MathMonsters;
				SDKROOT = iphoneos;
				SUPPORTS_MAC_DESIGNED_FOR_IPHONE_IPAD = NO;
				SWIFT_VERSION = 5.9;
				TARGETED_DEVICE_FAMILY = "1,2";
			};
			name = Debug;
		};
		C764D6FB12F452295B8281EF /* Release */ = {
			isa = XCBuildConfiguration;
			buildSettings = {
				ALWAYS_SEARCH_USER_PATHS = NO;
				CLANG_ANALYZER_NONNULL = YES;
				CLANG_ANALYZER_NUMBER_OBJECT_CONVERSION = YES_AGGRESSIVE;
				CLANG_CXX_LANGUAGE_STANDARD = "gnu++14";
				CLANG_CXX_LIBRARY = "libc++";
				CLANG_ENABLE_MODULES = YES;
				CLANG_ENABLE_OBJC_ARC = YES;
				CLANG_ENABLE_OBJC_WEAK = YES;
				CLANG_WARN_BLOCK_CAPTURE_AUTORELEASING = YES;
				CLANG_WARN_BOOL_CONVERSION = YES;
				CLANG_WARN_COMMA = YES;
				CLANG_WARN_CONSTANT_CONVERSION = YES;
				CLANG_WARN_DEPRECATED_OBJC_IMPLEMENTATIONS = YES;
				CLANG_WARN_DIRECT_OBJC_ISA_USAGE = YES_ERROR;
				CLANG_WARN_DOCUMENTATION_COMMENTS = YES;
				CLANG_WARN_EMPTY_BODY = YES;
				CLANG_WARN_ENUM_CONVERSION = YES;
				CLANG_WARN_INFINITE_RECURSION = YES;
				CLANG_WARN_INT_CONVERSION = YES;
				CLANG_WARN_NON_LITERAL_NULL_CONVERSION = YES;
				CLANG_WARN_OBJC_IMPLICIT_RETAIN_SELF = YES;
				CLANG_WARN_OBJC_LITERAL_CONVERSION = YES;
				CLANG_WARN_OBJC_ROOT_CLASS = YES_ERROR;
				CLANG_WARN_QUOTED_INCLUDE_IN_FRAMEWORK_HEADER = YES;
				CLANG_WARN_RANGE_LOOP_ANALYSIS = YES;
				CLANG_WARN_STRICT_PROTOTYPES = YES;
				CLANG_WARN_SUSPICIOUS_MOVE = YES;
				CLANG_WARN_UNGUARDED_AVAILABILITY = YES_AGGRESSIVE;
				CLANG_WARN_UNREACHABLE_CODE = YES;
				CLANG_WARN__DUPLICATE_METHOD_MATCH = YES;
				COPY_PHASE_STRIP = NO;
				DEBUG_INFORMATION_FORMAT = "dwarf-with-dsym";
				ENABLE_NS_ASSERTIONS = NO;
				ENABLE_STRICT_OBJC_MSGSEND = YES;
				GCC_C_LANGUAGE_STANDARD = gnu11;
				GCC_NO_COMMON_BLOCKS = YES;
				GCC_WARN_64_TO_32_BIT_CONVERSION = YES;
				GCC_WARN_ABOUT_RETURN_TYPE = YES_ERROR;
				GCC_WARN_UNDECLARED_SELECTOR = YES;
				GCC_WARN_UNINITIALIZED_AUTOS = YES_AGGRESSIVE;
				GCC_WARN_UNUSED_FUNCTION = YES;
				GCC_WARN_UNUSED_VARIABLE = YES;
				IPHONEOS_DEPLOYMENT_TARGET = 17.0;
				MTL_ENABLE_DEBUG_INFO = NO;
				MTL_FAST_MATH = YES;
				PRODUCT_NAME = "$(TARGET_NAME)";
				SDKROOT = iphoneos;
				SWIFT_COMPILATION_MODE = wholemodule;
				SWIFT_OPTIMIZATION_LEVEL = "-O";
				SWIFT_VERSION = 5.0;
			};
			name = Release;
		};
/* End XCBuildConfiguration section */

/* Begin XCConfigurationList section */
		34D4685DD7BC2AD54A491046 /* Build configuration list for PBXNativeTarget "MathMonsters" */ = {
			isa = XCConfigurationList;
			buildConfigurations = (
				40C665BAFC5ADA588850FE1B /* Debug */,
				06C4505F4F8AB9E2805C91EA /* Release */,
			);
			defaultConfigurationIsVisible = 0;
			defaultConfigurationName = Debug;
		};
		B955727481BC09EBBA2769E3 /* Build configuration list for PBXProject "MathMonsters" */ = {
			isa = XCConfigurationList;
			buildConfigurations = (
				3FBBC724B967961042DC2BF6 /* Debug */,
				C764D6FB12F452295B8281EF /* Release */,
			);
			defaultConfigurationIsVisible = 0;
			defaultConfigurationName = Debug;
		};
/* End XCConfigurationList section */
	};
	rootObject = 1FB0470446DB45207BFE4338 /* Project object */;
}
